
Microsoft Visual Studio Solution File, Format Version 12.00
# Visual Studio Version 16
VisualStudioVersion = 16.0.32106.194
MinimumVisualStudioVersion = 10.0.40219.1
Project("{9A19103F-16F7-4668-BE54-9A1E7A4F7556}") = "Сarmovement", "Сarmovement\Сarmovement.csproj", "{D596333C-A43E-4EBC-B0D3-13EC01E7D5EE}"
EndProject
Global
	GlobalSection(SolutionConfigurationPlatforms) = preSolution
		Debug|Any CPU = Debug|Any CPU
		Release|Any CPU = Release|Any CPU
	EndGlobalSection
	GlobalSection(ProjectConfigurationPlatforms) = postSolution
		{D596333C-A43E-4EBC-B0D3-13EC01E7D5EE}.Debug|Any CPU.ActiveCfg = Debug|Any CPU
		{D596333C-A43E-4EBC-B0D3-13EC01E7D5EE}.Debug|Any CPU.Build.0 = Debug|Any CPU
		{D596333C-A43E-4EBC-B0D3-13EC01E7D5EE}.Release|Any CPU.ActiveCfg = Release|Any CPU
		{D596333C-A43E-4EBC-B0D3-13EC01E7D5EE}.Release|Any CPU.Build.0 = Release|Any CPU
	EndGlobalSection
	GlobalSection(SolutionProperties) = preSolution
		HideSolutionNode = FALSE
	EndGlobalSection
	GlobalSection(ExtensibilityGlobals) = postSolution
		SolutionGuid = {E5790027-D1D7-41D3-B3A0-5AE850F06ED4}
	EndGlobalSection
EndGlobal
